// !$*UTF8*$!
{
	archiveVersion = 1;
	classes = {
	};
	objectVersion = 50;
	objects = {

/* Begin PBXBuildFile section */
		374D63E024D0A34E00B8EFE3 /* Starscream.framework in Frameworks */ = {isa = PBXBuildFile; fileRef = 374D63DE24D0A34700B8EFE3 /* Starscream.framework */; };
		374D63E124D0A34F00B8EFE3 /* Starscream.framework in Resources */ = {isa = PBXBuildFile; fileRef = 374D63DE24D0A34700B8EFE3 /* Starscream.framework */; };
		374D63E424D0A3EC00B8EFE3 /* Starscream.framework in CopyFiles */ = {isa = PBXBuildFile; fileRef = 374D63DE24D0A34700B8EFE3 /* Starscream.framework */; settings = {ATTRIBUTES = (CodeSignOnCopy, RemoveHeadersOnCopy, ); }; };
		374D63E624D0A56900B8EFE3 /* A834DataParameter.swift in Sources */ = {isa = PBXBuildFile; fileRef = 374D63E524D0A56900B8EFE3 /* A834DataParameter.swift */; };
		374D63E824D0AA9400B8EFE3 /* plane.png in Resources */ = {isa = PBXBuildFile; fileRef = 374D63E724D0AA9400B8EFE3 /* plane.png */; };
		374D63EA24D0AACC00B8EFE3 /* plane_sm.png in Resources */ = {isa = PBXBuildFile; fileRef = 374D63E924D0AACC00B8EFE3 /* plane_sm.png */; };
		377C6AA224D090250079BB6C /* AppDelegate.swift in Sources */ = {isa = PBXBuildFile; fileRef = 377C6AA124D090250079BB6C /* AppDelegate.swift */; };
		377C6AA424D090250079BB6C /* SceneDelegate.swift in Sources */ = {isa = PBXBuildFile; fileRef = 377C6AA324D090250079BB6C /* SceneDelegate.swift */; };
		377C6AA624D090250079BB6C /* ViewController.swift in Sources */ = {isa = PBXBuildFile; fileRef = 377C6AA524D090250079BB6C /* ViewController.swift */; };
		377C6AA924D090250079BB6C /* Main.storyboard in Resources */ = {isa = PBXBuildFile; fileRef = 377C6AA724D090250079BB6C /* Main.storyboard */; };
		377C6AAB24D090270079BB6C /* Assets.xcassets in Resources */ = {isa = PBXBuildFile; fileRef = 377C6AAA24D090270079BB6C /* Assets.xcassets */; };
		377C6AAE24D090270079BB6C /* LaunchScreen.storyboard in Resources */ = {isa = PBXBuildFile; fileRef = 377C6AAC24D090270079BB6C /* LaunchScreen.storyboard */; };
/* End PBXBuildFile section */

/* Begin PBXCopyFilesBuildPhase section */
		374D63E324D0A3DF00B8EFE3 /* CopyFiles */ = {
			isa = PBXCopyFilesBuildPhase;
			buildActionMask = 2147483647;
			dstPath = "";
			dstSubfolderSpec = 10;
			files = (
				374D63E424D0A3EC00B8EFE3 /* Starscream.framework in CopyFiles */,
			);
			runOnlyForDeploymentPostprocessing = 0;
		};
/* End PBXCopyFilesBuildPhase section */

/* Begin PBXFileReference section */
		374D63DE24D0A34700B8EFE3 /* Starscream.framework */ = {isa = PBXFileReference; lastKnownFileType = wrapper.framework; name = Starscream.framework; path = Carthage/Build/iOS/Starscream.framework; sourceTree = "<group>"; };
		374D63E524D0A56900B8EFE3 /* A834DataParameter.swift */ = {isa = PBXFileReference; lastKnownFileType = sourcecode.swift; path = A834DataParameter.swift; sourceTree = "<group>"; };
		374D63E724D0AA9400B8EFE3 /* plane.png */ = {isa = PBXFileReference; lastKnownFileType = image.png; path = plane.png; sourceTree = "<group>"; };
		374D63E924D0AACC00B8EFE3 /* plane_sm.png */ = {isa = PBXFileReference; lastKnownFileType = image.png; path = plane_sm.png; sourceTree = "<group>"; };
		377C6A9E24D090250079BB6C /* websocketTest.app */ = {isa = PBXFileReference; explicitFileType = wrapper.application; includeInIndex = 0; path = websocketTest.app; sourceTree = BUILT_PRODUCTS_DIR; };
		377C6AA124D090250079BB6C /* AppDelegate.swift */ = {isa = PBXFileReference; lastKnownFileType = sourcecode.swift; path = AppDelegate.swift; sourceTree = "<group>"; };
		377C6AA324D090250079BB6C /* SceneDelegate.swift */ = {isa = PBXFileReference; lastKnownFileType = sourcecode.swift; path = SceneDelegate.swift; sourceTree = "<group>"; };
		377C6AA524D090250079BB6C /* ViewController.swift */ = {isa = PBXFileReference; lastKnownFileType = sourcecode.swift; path = ViewController.swift; sourceTree = "<group>"; };
		377C6AA824D090250079BB6C /* Base */ = {isa = PBXFileReference; lastKnownFileType = file.storyboard; name = Base; path = Base.lproj/Main.storyboard; sourceTree = "<group>"; };
		377C6AAA24D090270079BB6C /* Assets.xcassets */ = {isa = PBXFileReference; lastKnownFileType = folder.assetcatalog; path = Assets.xcassets; sourceTree = "<group>"; };
		377C6AAD24D090270079BB6C /* Base */ = {isa = PBXFileReference; lastKnownFileType = file.storyboard; name = Base; path = Base.lproj/LaunchScreen.storyboard; sourceTree = "<group>"; };
		377C6AAF24D090270079BB6C /* Info.plist */ = {isa = PBXFileReference; lastKnownFileType = text.plist.xml; path = Info.plist; sourceTree = "<group>"; };
/* End PBXFileReference section */

/* Begin PBXFrameworksBuildPhase section */
		377C6A9B24D090250079BB6C /* Frameworks */ = {
			isa = PBXFrameworksBuildPhase;
			buildActionMask = 2147483647;
			files = (
				374D63E024D0A34E00B8EFE3 /* Starscream.framework in Frameworks */,
			);
			runOnlyForDeploymentPostprocessing = 0;
		};
/* End PBXFrameworksBuildPhase section */

/* Begin PBXGroup section */
		377C6A9524D090240079BB6C = {
			isa = PBXGroup;
			children = (
				377C6AA024D090250079BB6C /* websocketTest */,
				377C6A9F24D090250079BB6C /* Products */,
				377C6AB824D0A1A50079BB6C /* Frameworks */,
			);
			sourceTree = "<group>";
		};
		377C6A9F24D090250079BB6C /* Products */ = {
			isa = PBXGroup;
			children = (
				377C6A9E24D090250079BB6C /* websocketTest.app */,
			);
			name = Products;
			sourceTree = "<group>";
		};
		377C6AA024D090250079BB6C /* websocketTest */ = {
			isa = PBXGroup;
			children = (
				374D63E724D0AA9400B8EFE3 /* plane.png */,
				374D63E924D0AACC00B8EFE3 /* plane_sm.png */,
				374D63E524D0A56900B8EFE3 /* A834DataParameter.swift */,
				377C6AA124D090250079BB6C /* AppDelegate.swift */,
				377C6AA324D090250079BB6C /* SceneDelegate.swift */,
				377C6AA524D090250079BB6C /* ViewController.swift */,
				377C6AA724D090250079BB6C /* Main.storyboard */,
				377C6AAA24D090270079BB6C /* Assets.xcassets */,
				377C6AAC24D090270079BB6C /* LaunchScreen.storyboard */,
				377C6AAF24D090270079BB6C /* Info.plist */,
			);
			path = websocketTest;
			sourceTree = "<group>";
		};
		377C6AB824D0A1A50079BB6C /* Frameworks */ = {
			isa = PBXGroup;
			children = (
				374D63DE24D0A34700B8EFE3 /* Starscream.framework */,
			);
			name = Frameworks;
			sourceTree = "<group>";
		};
/* End PBXGroup section */

/* Begin PBXNativeTarget section */
		377C6A9D24D090250079BB6C /* websocketTest */ = {
			isa = PBXNativeTarget;
			buildConfigurationList = 377C6AB224D090270079BB6C /* Build configuration list for PBXNativeTarget "websocketTest" */;
			buildPhases = (
				377C6A9A24D090250079BB6C /* Sources */,
				377C6A9B24D090250079BB6C /* Frameworks */,
				377C6A9C24D090250079BB6C /* Resources */,
				374D63E324D0A3DF00B8EFE3 /* CopyFiles */,
			);
			buildRules = (
			);
			dependencies = (
			);
			name = websocketTest;
			productName = websocketTest;
			productReference = 377C6A9E24D090250079BB6C /* websocketTest.app */;
			productType = "com.apple.product-type.application";
		};
/* End PBXNativeTarget section */

/* Begin PBXProject section */
		377C6A9624D090240079BB6C /* Project object */ = {
			isa = PBXProject;
			attributes = {
				LastSwiftUpdateCheck = 1160;
				LastUpgradeCheck = 1160;
				TargetAttributes = {
					377C6A9D24D090250079BB6C = {
						CreatedOnToolsVersion = 11.6;
					};
				};
			};
			buildConfigurationList = 377C6A9924D090240079BB6C /* Build configuration list for PBXProject "websocketTest" */;
			compatibilityVersion = "Xcode 9.3";
			developmentRegion = en;
			hasScannedForEncodings = 0;
			knownRegions = (
				en,
				Base,
			);
			mainGroup = 377C6A9524D090240079BB6C;
			productRefGroup = 377C6A9F24D090250079BB6C /* Products */;
			projectDirPath = "";
			projectRoot = "";
			targets = (
				377C6A9D24D090250079BB6C /* websocketTest */,
			);
		};
/* End PBXProject section */

/* Begin PBXResourcesBuildPhase section */
		377C6A9C24D090250079BB6C /* Resources */ = {
			isa = PBXResourcesBuildPhase;
			buildActionMask = 2147483647;
			files = (
				374D63E124D0A34F00B8EFE3 /* Starscream.framework in Resources */,
				377C6AAE24D090270079BB6C /* LaunchScreen.storyboard in Resources */,
				374D63EA24D0AACC00B8EFE3 /* plane_sm.png in Resources */,
				374D63E824D0AA9400B8EFE3 /* plane.png in Resources */,
				377C6AAB24D090270079BB6C /* Assets.xcassets in Resources */,
				377C6AA924D090250079BB6C /* Main.storyboard in Resources */,
			);
			runOnlyForDeploymentPostprocessing = 0;
		};
/* End PBXResourcesBuildPhase section */

/* Begin PBXSourcesBuildPhase section */
		377C6A9A24D090250079BB6C /* Sources */ = {
			isa = PBXSourcesBuildPhase;
			buildActionMask = 2147483647;
			files = (
				377C6AA624D090250079BB6C /* ViewController.swift in Sources */,
				374D63E624D0A56900B8EFE3 /* A834DataParameter.swift in Sources */,
				377C6AA224D090250079BB6C /* AppDelegate.swift in Sources */,
				377C6AA424D090250079BB6C /* SceneDelegate.swift in Sources */,
			);
			runOnlyForDeploymentPostprocessing = 0;
		};
/* End PBXSourcesBuildPhase section */

/* Begin PBXVariantGroup section */
		377C6AA724D090250079BB6C /* Main.storyboard */ = {
			isa = PBXVariantGroup;
			children = (
				377C6AA824D090250079BB6C /* Base */,
			);
			name = Main.storyboard;
			sourceTree = "<group>";
		};
		377C6AAC24D090270079BB6C /* LaunchScreen.storyboard */ = {
			isa = PBXVariantGroup;
			children = (
				377C6AAD24D090270079BB6C /* Base */,
			);
			name = LaunchScreen.storyboard;
			sourceTree = "<group>";
		};
/* End PBXVariantGroup section */

/* Begin XCBuildConfiguration section */
		377C6AB024D090270079BB6C /* Debug */ = {
			isa = XCBuildConfiguration;
			buildSettings = {
				ALWAYS_SEARCH_USER_PATHS = NO;
				CLANG_ANALYZER_NONNULL = YES;
				CLANG_ANALYZER_NUMBER_OBJECT_CONVERSION = YES_AGGRESSIVE;
				CLANG_CXX_LANGUAGE_STANDARD = "gnu++14";
				CLANG_CXX_LIBRARY = "libc++";
				CLANG_ENABLE_MODULES = YES;
				CLANG_ENABLE_OBJC_ARC = YES;
				CLANG_ENABLE_OBJC_WEAK = YES;
				CLANG_WARN_BLOCK_CAPTURE_AUTORELEASING = YES;
				CLANG_WARN_BOOL_CONVERSION = YES;
				CLANG_WARN_COMMA = YES;
				CLANG_WARN_CONSTANT_CONVERSION = YES;
				CLANG_WARN_DEPRECATED_OBJC_IMPLEMENTATIONS = YES;
				CLANG_WARN_DIRECT_OBJC_ISA_USAGE = YES_ERROR;
				CLANG_WARN_DOCUMENTATION_COMMENTS = YES;
				CLANG_WARN_EMPTY_BODY = YES;
				CLANG_WARN_ENUM_CONVERSION = YES;
				CLANG_WARN_INFINITE_RECURSION = YES;
				CLANG_WARN_INT_CONVERSION = YES;
				CLANG_WARN_NON_LITERAL_NULL_CONVERSION = YES;
				CLANG_WARN_OBJC_IMPLICIT_RETAIN_SELF = YES;
				CLANG_WARN_OBJC_LITERAL_CONVERSION = YES;
				CLANG_WARN_OBJC_ROOT_CLASS = YES_ERROR;
				CLANG_WARN_RANGE_LOOP_ANALYSIS = YES;
				CLANG_WARN_STRICT_PROTOTYPES = YES;
				CLANG_WARN_SUSPICIOUS_MOVE = YES;
				CLANG_WARN_UNGUARDED_AVAILABILITY = YES_AGGRESSIVE;
				CLANG_WARN_UNREACHABLE_CODE = YES;
				CLANG_WARN__DUPLICATE_METHOD_MATCH = YES;
				COPY_PHASE_STRIP = NO;
				DEBUG_INFORMATION_FORMAT = dwarf;
				ENABLE_STRICT_OBJC_MSGSEND = YES;
				ENABLE_TESTABILITY = YES;
				GCC_C_LANGUAGE_STANDARD = gnu11;
				GCC_DYNAMIC_NO_PIC = NO;
				GCC_NO_COMMON_BLOCKS = YES;
				GCC_OPTIMIZATION_LEVEL = 0;
				GCC_PREPROCESSOR_DEFINITIONS = (
					"DEBUG=1",
					"$(inherited)",
				);
				GCC_WARN_64_TO_32_BIT_CONVERSION = YES;
				GCC_WARN_ABOUT_RETURN_TYPE = YES_ERROR;
				GCC_WARN_UNDECLARED_SELECTOR = YES;
				GCC_WARN_UNINITIALIZED_AUTOS = YES_AGGRESSIVE;
				GCC_WARN_UNUSED_FUNCTION = YES;
				GCC_WARN_UNUSED_VARIABLE = YES;
				IPHONEOS_DEPLOYMENT_TARGET = 13.6;
				MTL_ENABLE_DEBUG_INFO = INCLUDE_SOURCE;
				MTL_FAST_MATH = YES;
				ONLY_ACTIVE_ARCH = YES;
				SDKROOT = iphoneos;
				SWIFT_ACTIVE_COMPILATION_CONDITIONS = DEBUG;
				SWIFT_OPTIMIZATION_LEVEL = "-Onone";
			};
			name = Debug;
		};
		377C6AB124D090270079BB6C /* Release */ = {
			isa = XCBuildConfiguration;
			buildSettings = {
				ALWAYS_SEARCH_USER_PATHS = NO;
				CLANG_ANALYZER_NONNULL = YES;
				CLANG_ANALYZER_NUMBER_OBJECT_CONVERSION = YES_AGGRESSIVE;
				CLANG_CXX_LANGUAGE_STANDARD = "gnu++14";
				CLANG_CXX_LIBRARY = "libc++";
				CLANG_ENABLE_MODULES = YES;
				CLANG_ENABLE_OBJC_ARC = YES;
				CLANG_ENABLE_OBJC_WEAK = YES;
				CLANG_WARN_BLOCK_CAPTURE_AUTORELEASING = YES;
				CLANG_WARN_BOOL_CONVERSION = YES;
				CLANG_WARN_COMMA = YES;
				CLANG_WARN_CONSTANT_CONVERSION = YES;
				CLANG_WARN_DEPRECATED_OBJC_IMPLEMENTATIONS = YES;
				CLANG_WARN_DIRECT_OBJC_ISA_USAGE = YES_ERROR;
				CLANG_WARN_DOCUMENTATION_COMMENTS = YES;
				CLANG_WARN_EMPTY_BODY = YES;
				CLANG_WARN_ENUM_CONVERSION = YES;
				CLANG_WARN_INFINITE_RECURSION = YES;
				CLANG_WARN_INT_CONVERSION = YES;
				CLANG_WARN_NON_LITERAL_NULL_CONVERSION = YES;
				CLANG_WARN_OBJC_IMPLICIT_RETAIN_SELF = YES;
				CLANG_WARN_OBJC_LITERAL_CONVERSION = YES;
				CLANG_WARN_OBJC_ROOT_CLASS = YES_ERROR;
				CLANG_WARN_RANGE_LOOP_ANALYSIS = YES;
				CLANG_WARN_STRICT_PROTOTYPES = YES;
				CLANG_WARN_SUSPICIOUS_MOVE = YES;
				CLANG_WARN_UNGUARDED_AVAILABILITY = YES_AGGRESSIVE;
				CLANG_WARN_UNREACHABLE_CODE = YES;
				CLANG_WARN__DUPLICATE_METHOD_MATCH = YES;
				COPY_PHASE_STRIP = NO;
				DEBUG_INFORMATION_FORMAT = "dwarf-with-dsym";
				ENABLE_NS_ASSERTIONS = NO;
				ENABLE_STRICT_OBJC_MSGSEND = YES;
				GCC_C_LANGUAGE_STANDARD = gnu11;
				GCC_NO_COMMON_BLOCKS = YES;
				GCC_WARN_64_TO_32_BIT_CONVERSION = YES;
				GCC_WARN_ABOUT_RETURN_TYPE = YES_ERROR;
				GCC_WARN_UNDECLARED_SELECTOR = YES;
				GCC_WARN_UNINITIALIZED_AUTOS = YES_AGGRESSIVE;
				GCC_WARN_UNUSED_FUNCTION = YES;
				GCC_WARN_UNUSED_VARIABLE = YES;
				IPHONEOS_DEPLOYMENT_TARGET = 13.6;
				MTL_ENABLE_DEBUG_INFO = NO;
				MTL_FAST_MATH = YES;
				SDKROOT = iphoneos;
				SWIFT_COMPILATION_MODE = wholemodule;
				SWIFT_OPTIMIZATION_LEVEL = "-O";
				VALIDATE_PRODUCT = YES;
			};
			name = Release;
		};
		377C6AB324D090270079BB6C /* Debug */ = {
			isa = XCBuildConfiguration;
			buildSettings = {
				ASSETCATALOG_COMPILER_APPICON_NAME = AppIcon;
				CODE_SIGN_STYLE = Manual;
				DEVELOPMENT_TEAM = "";
				FRAMEWORK_SEARCH_PATHS = (
					"$(inherited)",
					"$(PROJECT_DIR)/Carthage/Build/iOS",
				);
				INFOPLIST_FILE = websocketTest/Info.plist;
				IPHONEOS_DEPLOYMENT_TARGET = 13.0;
				LD_RUNPATH_SEARCH_PATHS = (
					"$(inherited)",
					"@executable_path/Frameworks",
				);
				PRODUCT_BUNDLE_IDENTIFIER = com.arinc834.websocketTest;
				PRODUCT_NAME = "$(TARGET_NAME)";
				PROVISIONING_PROFILE_SPECIFIER = "";
				SWIFT_VERSION = 5.0;
				TARGETED_DEVICE_FAMILY = "1,2";
			};
			name = Debug;
		};
		377C6AB424D090270079BB6C /* Release */ = {
			isa = XCBuildConfiguration;
			buildSettings = {
				ASSETCATALOG_COMPILER_APPICON_NAME = AppIcon;
				CODE_SIGN_STYLE = Manual;
				DEVELOPMENT_TEAM = "";
				FRAMEWORK_SEARCH_PATHS = (
					"$(inherited)",
					"$(PROJECT_DIR)/Carthage/Build/iOS",
				);
				INFOPLIST_FILE = websocketTest/Info.plist;
				IPHONEOS_DEPLOYMENT_TARGET = 13.0;
				LD_RUNPATH_SEARCH_PATHS = (
					"$(inherited)",
					"@executable_path/Frameworks",
				);
				PRODUCT_BUNDLE_IDENTIFIER = com.arinc834.websocketTest;
				PRODUCT_NAME = "$(TARGET_NAME)";
				PROVISIONING_PROFILE_SPECIFIER = "";
				SWIFT_VERSION = 5.0;
				TARGETED_DEVICE_FAMILY = "1,2";
			};
			name = Release;
		};
/* End XCBuildConfiguration section */

/* Begin XCConfigurationList section */
		377C6A9924D090240079BB6C /* Build configuration list for PBXProject "websocketTest" */ = {
			isa = XCConfigurationList;
			buildConfigurations = (
				377C6AB024D090270079BB6C /* Debug */,
				377C6AB124D090270079BB6C /* Release */,
			);
			defaultConfigurationIsVisible = 0;
			defaultConfigurationName = Release;
		};
		377C6AB224D090270079BB6C /* Build configuration list for PBXNativeTarget "websocketTest" */ = {
			isa = XCConfigurationList;
			buildConfigurations = (
				377C6AB324D090270079BB6C /* Debug */,
				377C6AB424D090270079BB6C /* Release */,
			);
			defaultConfigurationIsVisible = 0;
			defaultConfigurationName = Release;
		};
/* End XCConfigurationList section */
	};
	rootObject = 377C6A9624D090240079BB6C /* Project object */;
}
